// !$*UTF8*$!
{
	archiveVersion = 1;
	classes = {
	};
	objectVersion = 50;
	objects = {

/* Begin PBXBuildFile section */
		77F0C46621266DCC0040D8AD /* AppDelegate.swift in Sources */ = {isa = PBXBuildFile; fileRef = 77F0C46521266DCC0040D8AD /* AppDelegate.swift */; };
		77F0C46821266DCC0040D8AD /* TodoListViewController.swift in Sources */ = {isa = PBXBuildFile; fileRef = 77F0C46721266DCC0040D8AD /* TodoListViewController.swift */; };
		77F0C46B21266DCC0040D8AD /* Main.storyboard in Resources */ = {isa = PBXBuildFile; fileRef = 77F0C46921266DCC0040D8AD /* Main.storyboard */; };
		77F0C46D21266DCE0040D8AD /* Assets.xcassets in Resources */ = {isa = PBXBuildFile; fileRef = 77F0C46C21266DCE0040D8AD /* Assets.xcassets */; };
		77F0C47021266DCE0040D8AD /* LaunchScreen.storyboard in Resources */ = {isa = PBXBuildFile; fileRef = 77F0C46E21266DCE0040D8AD /* LaunchScreen.storyboard */; };
		77F0C478212E10D60040D8AD /* Item.swift in Sources */ = {isa = PBXBuildFile; fileRef = 77F0C477212E10D60040D8AD /* Item.swift */; };
/* End PBXBuildFile section */

/* Begin PBXFileReference section */
		77F0C46221266DCC0040D8AD /* ToDoey.app */ = {isa = PBXFileReference; explicitFileType = wrapper.application; includeInIndex = 0; path = ToDoey.app; sourceTree = BUILT_PRODUCTS_DIR; };
		77F0C46521266DCC0040D8AD /* AppDelegate.swift */ = {isa = PBXFileReference; lastKnownFileType = sourcecode.swift; path = AppDelegate.swift; sourceTree = "<group>"; };
		77F0C46721266DCC0040D8AD /* TodoListViewController.swift */ = {isa = PBXFileReference; lastKnownFileType = sourcecode.swift; path = TodoListViewController.swift; sourceTree = "<group>"; };
		77F0C46A21266DCC0040D8AD /* Base */ = {isa = PBXFileReference; lastKnownFileType = file.storyboard; name = Base; path = Base.lproj/Main.storyboard; sourceTree = "<group>"; };
		77F0C46C21266DCE0040D8AD /* Assets.xcassets */ = {isa = PBXFileReference; lastKnownFileType = folder.assetcatalog; path = Assets.xcassets; sourceTree = "<group>"; };
		77F0C46F21266DCE0040D8AD /* Base */ = {isa = PBXFileReference; lastKnownFileType = file.storyboard; name = Base; path = Base.lproj/LaunchScreen.storyboard; sourceTree = "<group>"; };
		77F0C47121266DCE0040D8AD /* Info.plist */ = {isa = PBXFileReference; lastKnownFileType = text.plist.xml; path = Info.plist; sourceTree = "<group>"; };
		77F0C477212E10D60040D8AD /* Item.swift */ = {isa = PBXFileReference; lastKnownFileType = sourcecode.swift; path = Item.swift; sourceTree = "<group>"; };
/* End PBXFileReference section */

/* Begin PBXFrameworksBuildPhase section */
		77F0C45F21266DCC0040D8AD /* Frameworks */ = {
			isa = PBXFrameworksBuildPhase;
			buildActionMask = 2147483647;
			files = (
			);
			runOnlyForDeploymentPostprocessing = 0;
		};
/* End PBXFrameworksBuildPhase section */

/* Begin PBXGroup section */
		77F0C45921266DCC0040D8AD = {
			isa = PBXGroup;
			children = (
				77F0C46421266DCC0040D8AD /* ToDoey */,
				77F0C46321266DCC0040D8AD /* Products */,
			);
			sourceTree = "<group>";
		};
		77F0C46321266DCC0040D8AD /* Products */ = {
			isa = PBXGroup;
			children = (
				77F0C46221266DCC0040D8AD /* ToDoey.app */,
			);
			name = Products;
			sourceTree = "<group>";
		};
		77F0C46421266DCC0040D8AD /* ToDoey */ = {
			isa = PBXGroup;
			children = (
				77F0C46521266DCC0040D8AD /* AppDelegate.swift */,
				77F0C479212E11930040D8AD /* Controllers */,
				77F0C47B212E11B00040D8AD /* Views */,
				77F0C47A212E119B0040D8AD /* Data Model */,
				77F0C47C212E11EB0040D8AD /* Supporting File */,
				77F0C47121266DCE0040D8AD /* Info.plist */,
			);
			path = ToDoey;
			sourceTree = "<group>";
		};
		77F0C479212E11930040D8AD /* Controllers */ = {
			isa = PBXGroup;
			children = (
				77F0C46721266DCC0040D8AD /* TodoListViewController.swift */,
			);
			name = Controllers;
			sourceTree = "<group>";
		};
		77F0C47A212E119B0040D8AD /* Data Model */ = {
			isa = PBXGroup;
			children = (
				77F0C477212E10D60040D8AD /* Item.swift */,
			);
			name = "Data Model";
			sourceTree = "<group>";
		};
		77F0C47B212E11B00040D8AD /* Views */ = {
			isa = PBXGroup;
			children = (
				77F0C46921266DCC0040D8AD /* Main.storyboard */,
			);
			path = Views;
			sourceTree = "<group>";
		};
		77F0C47C212E11EB0040D8AD /* Supporting File */ = {
			isa = PBXGroup;
			children = (
				77F0C46E21266DCE0040D8AD /* LaunchScreen.storyboard */,
				77F0C46C21266DCE0040D8AD /* Assets.xcassets */,
			);
			path = "Supporting File";
			sourceTree = "<group>";
		};
/* End PBXGroup section */

/* Begin PBXNativeTarget section */
		77F0C46121266DCC0040D8AD /* ToDoey */ = {
			isa = PBXNativeTarget;
			buildConfigurationList = 77F0C47421266DCE0040D8AD /* Build configuration list for PBXNativeTarget "ToDoey" */;
			buildPhases = (
				77F0C45E21266DCC0040D8AD /* Sources */,
				77F0C45F21266DCC0040D8AD /* Frameworks */,
				77F0C46021266DCC0040D8AD /* Resources */,
			);
			buildRules = (
			);
			dependencies = (
			);
			name = ToDoey;
			productName = ToDoey;
			productReference = 77F0C46221266DCC0040D8AD /* ToDoey.app */;
			productType = "com.apple.product-type.application";
		};
/* End PBXNativeTarget section */

/* Begin PBXProject section */
		77F0C45A21266DCC0040D8AD /* Project object */ = {
			isa = PBXProject;
			attributes = {
				LastSwiftUpdateCheck = 0940;
				LastUpgradeCheck = 0940;
				ORGANIZATIONNAME = "Alessandro Fabro";
				TargetAttributes = {
					77F0C46121266DCC0040D8AD = {
						CreatedOnToolsVersion = 9.4.1;
					};
				};
			};
			buildConfigurationList = 77F0C45D21266DCC0040D8AD /* Build configuration list for PBXProject "ToDoey" */;
			compatibilityVersion = "Xcode 9.3";
			developmentRegion = en;
			hasScannedForEncodings = 0;
			knownRegions = (
				en,
				Base,
			);
			mainGroup = 77F0C45921266DCC0040D8AD;
			productRefGroup = 77F0C46321266DCC0040D8AD /* Products */;
			projectDirPath = "";
			projectRoot = "";
			targets = (
				77F0C46121266DCC0040D8AD /* ToDoey */,
			);
		};
/* End PBXProject section */

/* Begin PBXResourcesBuildPhase section */
		77F0C46021266DCC0040D8AD /* Resources */ = {
			isa = PBXResourcesBuildPhase;
			buildActionMask = 2147483647;
			files = (
				77F0C47021266DCE0040D8AD /* LaunchScreen.storyboard in Resources */,
				77F0C46D21266DCE0040D8AD /* Assets.xcassets in Resources */,
				77F0C46B21266DCC0040D8AD /* Main.storyboard in Resources */,
			);
			runOnlyForDeploymentPostprocessing = 0;
		};
/* End PBXResourcesBuildPhase section */

/* Begin PBXSourcesBuildPhase section */
		77F0C45E21266DCC0040D8AD /* Sources */ = {
			isa = PBXSourcesBuildPhase;
			buildActionMask = 2147483647;
			files = (
				77F0C46821266DCC0040D8AD /* TodoListViewController.swift in Sources */,
				77F0C478212E10D60040D8AD /* Item.swift in Sources */,
				77F0C46621266DCC0040D8AD /* AppDelegate.swift in Sources */,
			);
			runOnlyForDeploymentPostprocessing = 0;
		};
/* End PBXSourcesBuildPhase section */

/* Begin PBXVariantGroup section */
		77F0C46921266DCC0040D8AD /* Main.storyboard */ = {
			isa = PBXVariantGroup;
			children = (
				77F0C46A21266DCC0040D8AD /* Base */,
			);
			name = Main.storyboard;
			sourceTree = "<group>";
		};
		77F0C46E21266DCE0040D8AD /* LaunchScreen.storyboard */ = {
			isa = PBXVariantGroup;
			children = (
				77F0C46F21266DCE0040D8AD /* Base */,
			);
			name = LaunchScreen.storyboard;
			sourceTree = "<group>";
		};
/* End PBXVariantGroup section */

/* Begin XCBuildConfiguration section */
		77F0C47221266DCE0040D8AD /* Debug */ = {
			isa = XCBuildConfiguration;
			buildSettings = {
				ALWAYS_SEARCH_USER_PATHS = NO;
				CLANG_ANALYZER_NONNULL = YES;
				CLANG_ANALYZER_NUMBER_OBJECT_CONVERSION = YES_AGGRESSIVE;
				CLANG_CXX_LANGUAGE_STANDARD = "gnu++14";
				CLANG_CXX_LIBRARY = "libc++";
				CLANG_ENABLE_MODULES = YES;
				CLANG_ENABLE_OBJC_ARC = YES;
				CLANG_ENABLE_OBJC_WEAK = YES;
				CLANG_WARN_BLOCK_CAPTURE_AUTORELEASING = YES;
				CLANG_WARN_BOOL_CONVERSION = YES;
				CLANG_WARN_COMMA = YES;
				CLANG_WARN_CONSTANT_CONVERSION = YES;
				CLANG_WARN_DEPRECATED_OBJC_IMPLEMENTATIONS = YES;
				CLANG_WARN_DIRECT_OBJC_ISA_USAGE = YES_ERROR;
				CLANG_WARN_DOCUMENTATION_COMMENTS = YES;
				CLANG_WARN_EMPTY_BODY = YES;
				CLANG_WARN_ENUM_CONVERSION = YES;
				CLANG_WARN_INFINITE_RECURSION = YES;
				CLANG_WARN_INT_CONVERSION = YES;
				CLANG_WARN_NON_LITERAL_NULL_CONVERSION = YES;
				CLANG_WARN_OBJC_IMPLICIT_RETAIN_SELF = YES;
				CLANG_WARN_OBJC_LITERAL_CONVERSION = YES;
				CLANG_WARN_OBJC_ROOT_CLASS = YES_ERROR;
				CLANG_WARN_RANGE_LOOP_ANALYSIS = YES;
				CLANG_WARN_STRICT_PROTOTYPES = YES;
				CLANG_WARN_SUSPICIOUS_MOVE = YES;
				CLANG_WARN_UNGUARDED_AVAILABILITY = YES_AGGRESSIVE;
				CLANG_WARN_UNREACHABLE_CODE = YES;
				CLANG_WARN__DUPLICATE_METHOD_MATCH = YES;
				CODE_SIGN_IDENTITY = "iPhone Developer";
				COPY_PHASE_STRIP = NO;
				DEBUG_INFORMATION_FORMAT = dwarf;
				ENABLE_STRICT_OBJC_MSGSEND = YES;
				ENABLE_TESTABILITY = YES;
				GCC_C_LANGUAGE_STANDARD = gnu11;
				GCC_DYNAMIC_NO_PIC = NO;
				GCC_NO_COMMON_BLOCKS = YES;
				GCC_OPTIMIZATION_LEVEL = 0;
				GCC_PREPROCESSOR_DEFINITIONS = (
					"DEBUG=1",
					"$(inherited)",
				);
				GCC_WARN_64_TO_32_BIT_CONVERSION = YES;
				GCC_WARN_ABOUT_RETURN_TYPE = YES_ERROR;
				GCC_WARN_UNDECLARED_SELECTOR = YES;
				GCC_WARN_UNINITIALIZED_AUTOS = YES_AGGRESSIVE;
				GCC_WARN_UNUSED_FUNCTION = YES;
				GCC_WARN_UNUSED_VARIABLE = YES;
				IPHONEOS_DEPLOYMENT_TARGET = 11.4;
				MTL_ENABLE_DEBUG_INFO = YES;
				ONLY_ACTIVE_ARCH = YES;
				SDKROOT = iphoneos;
				SWIFT_ACTIVE_COMPILATION_CONDITIONS = DEBUG;
				SWIFT_OPTIMIZATION_LEVEL = "-Onone";
			};
			name = Debug;
		};
		77F0C47321266DCE0040D8AD /* Release */ = {
			isa = XCBuildConfiguration;
			buildSettings = {
				ALWAYS_SEARCH_USER_PATHS = NO;
				CLANG_ANALYZER_NONNULL = YES;
				CLANG_ANALYZER_NUMBER_OBJECT_CONVERSION = YES_AGGRESSIVE;
				CLANG_CXX_LANGUAGE_STANDARD = "gnu++14";
				CLANG_CXX_LIBRARY = "libc++";
				CLANG_ENABLE_MODULES = YES;
				CLANG_ENABLE_OBJC_ARC = YES;
				CLANG_ENABLE_OBJC_WEAK = YES;
				CLANG_WARN_BLOCK_CAPTURE_AUTORELEASING = YES;
				CLANG_WARN_BOOL_CONVERSION = YES;
				CLANG_WARN_COMMA = YES;
				CLANG_WARN_CONSTANT_CONVERSION = YES;
				CLANG_WARN_DEPRECATED_OBJC_IMPLEMENTATIONS = YES;
				CLANG_WARN_DIRECT_OBJC_ISA_USAGE = YES_ERROR;
				CLANG_WARN_DOCUMENTATION_COMMENTS = YES;
				CLANG_WARN_EMPTY_BODY = YES;
				CLANG_WARN_ENUM_CONVERSION = YES;
				CLANG_WARN_INFINITE_RECURSION = YES;
				CLANG_WARN_INT_CONVERSION = YES;
				CLANG_WARN_NON_LITERAL_NULL_CONVERSION = YES;
				CLANG_WARN_OBJC_IMPLICIT_RETAIN_SELF = YES;
				CLANG_WARN_OBJC_LITERAL_CONVERSION = YES;
				CLANG_WARN_OBJC_ROOT_CLASS = YES_ERROR;
				CLANG_WARN_RANGE_LOOP_ANALYSIS = YES;
				CLANG_WARN_STRICT_PROTOTYPES = YES;
				CLANG_WARN_SUSPICIOUS_MOVE = YES;
				CLANG_WARN_UNGUARDED_AVAILABILITY = YES_AGGRESSIVE;
				CLANG_WARN_UNREACHABLE_CODE = YES;
				CLANG_WARN__DUPLICATE_METHOD_MATCH = YES;
				CODE_SIGN_IDENTITY = "iPhone Developer";
				COPY_PHASE_STRIP = NO;
				DEBUG_INFORMATION_FORMAT = "dwarf-with-dsym";
				ENABLE_NS_ASSERTIONS = NO;
				ENABLE_STRICT_OBJC_MSGSEND = YES;
				GCC_C_LANGUAGE_STANDARD = gnu11;
				GCC_NO_COMMON_BLOCKS = YES;
				GCC_WARN_64_TO_32_BIT_CONVERSION = YES;
				GCC_WARN_ABOUT_RETURN_TYPE = YES_ERROR;
				GCC_WARN_UNDECLARED_SELECTOR = YES;
				GCC_WARN_UNINITIALIZED_AUTOS = YES_AGGRESSIVE;
				GCC_WARN_UNUSED_FUNCTION = YES;
				GCC_WARN_UNUSED_VARIABLE = YES;
				IPHONEOS_DEPLOYMENT_TARGET = 11.4;
				MTL_ENABLE_DEBUG_INFO = NO;
				SDKROOT = iphoneos;
				SWIFT_COMPILATION_MODE = wholemodule;
				SWIFT_OPTIMIZATION_LEVEL = "-O";
				VALIDATE_PRODUCT = YES;
			};
			name = Release;
		};
		77F0C47521266DCE0040D8AD /* Debug */ = {
			isa = XCBuildConfiguration;
			buildSettings = {
				ASSETCATALOG_COMPILER_APPICON_NAME = AppIcon;
				CODE_SIGN_STYLE = Automatic;
				DEVELOPMENT_TEAM = 89Q66738NX;
				INFOPLIST_FILE = ToDoey/Info.plist;
				LD_RUNPATH_SEARCH_PATHS = (
					"$(inherited)",
					"@executable_path/Frameworks",
				);
				PRODUCT_BUNDLE_IDENTIFIER = com.AlessandroFabro.ToDoey;
				PRODUCT_NAME = "$(TARGET_NAME)";
				SWIFT_VERSION = 4.0;
				TARGETED_DEVICE_FAMILY = "1,2";
			};
			name = Debug;
		};
		77F0C47621266DCE0040D8AD /* Release */ = {
			isa = XCBuildConfiguration;
			buildSettings = {
				ASSETCATALOG_COMPILER_APPICON_NAME = AppIcon;
				CODE_SIGN_STYLE = Automatic;
				DEVELOPMENT_TEAM = 89Q66738NX;
				INFOPLIST_FILE = ToDoey/Info.plist;
				LD_RUNPATH_SEARCH_PATHS = (
					"$(inherited)",
					"@executable_path/Frameworks",
				);
				PRODUCT_BUNDLE_IDENTIFIER = com.AlessandroFabro.ToDoey;
				PRODUCT_NAME = "$(TARGET_NAME)";
				SWIFT_VERSION = 4.0;
				TARGETED_DEVICE_FAMILY = "1,2";
			};
			name = Release;
		};
/* End XCBuildConfiguration section */

/* Begin XCConfigurationList section */
		77F0C45D21266DCC0040D8AD /* Build configuration list for PBXProject "ToDoey" */ = {
			isa = XCConfigurationList;
			buildConfigurations = (
				77F0C47221266DCE0040D8AD /* Debug */,
				77F0C47321266DCE0040D8AD /* Release */,
			);
			defaultConfigurationIsVisible = 0;
			defaultConfigurationName = Release;
		};
		77F0C47421266DCE0040D8AD /* Build configuration list for PBXNativeTarget "ToDoey" */ = {
			isa = XCConfigurationList;
			buildConfigurations = (
				77F0C47521266DCE0040D8AD /* Debug */,
				77F0C47621266DCE0040D8AD /* Release */,
			);
			defaultConfigurationIsVisible = 0;
			defaultConfigurationName = Release;
		};
/* End XCConfigurationList section */
	};
	rootObject = 77F0C45A21266DCC0040D8AD /* Project object */;
}
